# This file is automatically @generated by Cargo.
# It is not intended for manual editing.
version = 3

[[package]]
name = "bytes"
version = "1.6.0"
source = "registry+https://github.com/rust-lang/crates.io-index"
checksum = "514de17de45fdb8dc022b1a7975556c53c86f9f0aa5f534b98977b171857c2c9"

[[package]]
name = "cfg-if"
version = "1.0.0"
source = "registry+https://github.com/rust-lang/crates.io-index"
checksum = "baf1de4339761588bc0619e3cbc0120ee582ebb74b53b4efbf79117bd2da40fd"

[[package]]
name = "faster-hex"
version = "0.6.1"
source = "registry+https://github.com/rust-lang/crates.io-index"
checksum = "51e2ce894d53b295cf97b05685aa077950ff3e8541af83217fc720a6437169f8"

[[package]]
name = "molecule"
version = "0.8.0"
dependencies = [
 "bytes",
 "cfg-if",
 "faster-hex",
]

[[package]]
name = "molecule-fuzzing"
version = "0.1.0"
dependencies = [
 "molecule",
]
